// !$*UTF8*$!
{
	archiveVersion = 1;
	classes = {
	};
	objectVersion = 56;
	objects = {

/* Begin PBXBuildFile section */
		B22C2130292AD0280040C7E4 /* AppCoreTests.swift in Sources */ = {isa = PBXBuildFile; fileRef = B22C212F292AD0280040C7E4 /* AppCoreTests.swift */; };
		B22C2134292AE5F20040C7E4 /* AppleAuthenticationStatus.swift in Sources */ = {isa = PBXBuildFile; fileRef = B22C2133292AE5F20040C7E4 /* AppleAuthenticationStatus.swift */; };
		B2478F4B2918719F0031E088 /* SignInWithAppleTCAApp.swift in Sources */ = {isa = PBXBuildFile; fileRef = B2478F4A2918719F0031E088 /* SignInWithAppleTCAApp.swift */; };
		B2478F4F291871A10031E088 /* Assets.xcassets in Resources */ = {isa = PBXBuildFile; fileRef = B2478F4E291871A10031E088 /* Assets.xcassets */; };
		B2478F52291871A10031E088 /* Preview Assets.xcassets in Resources */ = {isa = PBXBuildFile; fileRef = B2478F51291871A10031E088 /* Preview Assets.xcassets */; };
		B2478F592918723D0031E088 /* AppleAuthenticationResponse.swift in Sources */ = {isa = PBXBuildFile; fileRef = B2478F582918723D0031E088 /* AppleAuthenticationResponse.swift */; };
		B2478F5B2918724D0031E088 /* AuthenticationClient.swift in Sources */ = {isa = PBXBuildFile; fileRef = B2478F5A2918724D0031E088 /* AuthenticationClient.swift */; };
		B2478F5D2918725C0031E088 /* LiveAuthenticationClient.swift in Sources */ = {isa = PBXBuildFile; fileRef = B2478F5C2918725C0031E088 /* LiveAuthenticationClient.swift */; };
		B2478F5F291872850031E088 /* AppleAuthenticationError.swift in Sources */ = {isa = PBXBuildFile; fileRef = B2478F5E291872850031E088 /* AppleAuthenticationError.swift */; };
		B2478F61291872A20031E088 /* AppleAuthenticationCoordinator.swift in Sources */ = {isa = PBXBuildFile; fileRef = B2478F60291872A20031E088 /* AppleAuthenticationCoordinator.swift */; };
		B2478F662918A1220031E088 /* SignInCore.swift in Sources */ = {isa = PBXBuildFile; fileRef = B2478F652918A1220031E088 /* SignInCore.swift */; };
		B2478F682918A1300031E088 /* SignInView.swift in Sources */ = {isa = PBXBuildFile; fileRef = B2478F672918A1300031E088 /* SignInView.swift */; };
		B2478F6B2918A1690031E088 /* ComposableArchitecture in Frameworks */ = {isa = PBXBuildFile; productRef = B2478F6A2918A1690031E088 /* ComposableArchitecture */; };
		B2478F6D2918C0470031E088 /* AppCore.swift in Sources */ = {isa = PBXBuildFile; fileRef = B2478F6C2918C0470031E088 /* AppCore.swift */; };
		B2478F6F2918C04F0031E088 /* AppView.swift in Sources */ = {isa = PBXBuildFile; fileRef = B2478F6E2918C04E0031E088 /* AppView.swift */; };
		B2478F712918C1130031E088 /* MainCore.swift in Sources */ = {isa = PBXBuildFile; fileRef = B2478F702918C1130031E088 /* MainCore.swift */; };
		B2478F732918C11C0031E088 /* MainView.swift in Sources */ = {isa = PBXBuildFile; fileRef = B2478F722918C11B0031E088 /* MainView.swift */; };
/* End PBXBuildFile section */

/* Begin PBXContainerItemProxy section */
		B22C212A292ACD920040C7E4 /* PBXContainerItemProxy */ = {
			isa = PBXContainerItemProxy;
			containerPortal = B2478F3F2918719F0031E088 /* Project object */;
			proxyType = 1;
			remoteGlobalIDString = B2478F462918719F0031E088;
			remoteInfo = SignInWithAppleTCA;
		};
/* End PBXContainerItemProxy section */

/* Begin PBXFileReference section */
		B22C211D292AA9190040C7E4 /* SignInWithAppleTCA.entitlements */ = {isa = PBXFileReference; lastKnownFileType = text.plist.entitlements; path = SignInWithAppleTCA.entitlements; sourceTree = "<group>"; };
		B22C2126292ACD920040C7E4 /* SignInWithAppleTCATests.xctest */ = {isa = PBXFileReference; explicitFileType = wrapper.cfbundle; includeInIndex = 0; path = SignInWithAppleTCATests.xctest; sourceTree = BUILT_PRODUCTS_DIR; };
		B22C212F292AD0280040C7E4 /* AppCoreTests.swift */ = {isa = PBXFileReference; lastKnownFileType = sourcecode.swift; path = AppCoreTests.swift; sourceTree = "<group>"; };
		B22C2133292AE5F20040C7E4 /* AppleAuthenticationStatus.swift */ = {isa = PBXFileReference; lastKnownFileType = sourcecode.swift; path = AppleAuthenticationStatus.swift; sourceTree = "<group>"; };
		B2478F472918719F0031E088 /* SignInWithAppleTCA.app */ = {isa = PBXFileReference; explicitFileType = wrapper.application; includeInIndex = 0; path = SignInWithAppleTCA.app; sourceTree = BUILT_PRODUCTS_DIR; };
		B2478F4A2918719F0031E088 /* SignInWithAppleTCAApp.swift */ = {isa = PBXFileReference; lastKnownFileType = sourcecode.swift; path = SignInWithAppleTCAApp.swift; sourceTree = "<group>"; };
		B2478F4E291871A10031E088 /* Assets.xcassets */ = {isa = PBXFileReference; lastKnownFileType = folder.assetcatalog; path = Assets.xcassets; sourceTree = "<group>"; };
		B2478F51291871A10031E088 /* Preview Assets.xcassets */ = {isa = PBXFileReference; lastKnownFileType = folder.assetcatalog; path = "Preview Assets.xcassets"; sourceTree = "<group>"; };
		B2478F582918723D0031E088 /* AppleAuthenticationResponse.swift */ = {isa = PBXFileReference; lastKnownFileType = sourcecode.swift; path = AppleAuthenticationResponse.swift; sourceTree = "<group>"; };
		B2478F5A2918724D0031E088 /* AuthenticationClient.swift */ = {isa = PBXFileReference; lastKnownFileType = sourcecode.swift; path = AuthenticationClient.swift; sourceTree = "<group>"; };
		B2478F5C2918725C0031E088 /* LiveAuthenticationClient.swift */ = {isa = PBXFileReference; lastKnownFileType = sourcecode.swift; path = LiveAuthenticationClient.swift; sourceTree = "<group>"; };
		B2478F5E291872850031E088 /* AppleAuthenticationError.swift */ = {isa = PBXFileReference; lastKnownFileType = sourcecode.swift; path = AppleAuthenticationError.swift; sourceTree = "<group>"; };
		B2478F60291872A20031E088 /* AppleAuthenticationCoordinator.swift */ = {isa = PBXFileReference; lastKnownFileType = sourcecode.swift; path = AppleAuthenticationCoordinator.swift; sourceTree = "<group>"; };
		B2478F652918A1220031E088 /* SignInCore.swift */ = {isa = PBXFileReference; fileEncoding = 4; lastKnownFileType = sourcecode.swift; path = SignInCore.swift; sourceTree = "<group>"; };
		B2478F672918A1300031E088 /* SignInView.swift */ = {isa = PBXFileReference; fileEncoding = 4; lastKnownFileType = sourcecode.swift; path = SignInView.swift; sourceTree = "<group>"; };
		B2478F6C2918C0470031E088 /* AppCore.swift */ = {isa = PBXFileReference; fileEncoding = 4; lastKnownFileType = sourcecode.swift; path = AppCore.swift; sourceTree = "<group>"; };
		B2478F6E2918C04E0031E088 /* AppView.swift */ = {isa = PBXFileReference; fileEncoding = 4; lastKnownFileType = sourcecode.swift; path = AppView.swift; sourceTree = "<group>"; };
		B2478F702918C1130031E088 /* MainCore.swift */ = {isa = PBXFileReference; fileEncoding = 4; lastKnownFileType = sourcecode.swift; path = MainCore.swift; sourceTree = "<group>"; };
		B2478F722918C11B0031E088 /* MainView.swift */ = {isa = PBXFileReference; fileEncoding = 4; lastKnownFileType = sourcecode.swift; path = MainView.swift; sourceTree = "<group>"; };
/* End PBXFileReference section */

/* Begin PBXFrameworksBuildPhase section */
		B22C2123292ACD920040C7E4 /* Frameworks */ = {
			isa = PBXFrameworksBuildPhase;
			buildActionMask = 2147483647;
			files = (
			);
			runOnlyForDeploymentPostprocessing = 0;
		};
		B2478F442918719F0031E088 /* Frameworks */ = {
			isa = PBXFrameworksBuildPhase;
			buildActionMask = 2147483647;
			files = (
				B2478F6B2918A1690031E088 /* ComposableArchitecture in Frameworks */,
			);
			runOnlyForDeploymentPostprocessing = 0;
		};
/* End PBXFrameworksBuildPhase section */

/* Begin PBXGroup section */
		B22C211E292ACC640040C7E4 /* App */ = {
			isa = PBXGroup;
			children = (
				B2478F4A2918719F0031E088 /* SignInWithAppleTCAApp.swift */,
				B2478F6C2918C0470031E088 /* AppCore.swift */,
				B2478F6E2918C04E0031E088 /* AppView.swift */,
			);
			path = App;
			sourceTree = "<group>";
		};
		B22C211F292ACC800040C7E4 /* Main */ = {
			isa = PBXGroup;
			children = (
				B2478F702918C1130031E088 /* MainCore.swift */,
				B2478F722918C11B0031E088 /* MainView.swift */,
			);
			path = Main;
			sourceTree = "<group>";
		};
		B22C2120292ACC940040C7E4 /* UI */ = {
			isa = PBXGroup;
			children = (
				B22C211E292ACC640040C7E4 /* App */,
				B22C211F292ACC800040C7E4 /* Main */,
				B22C2121292ACCA00040C7E4 /* SignIn */,
			);
			path = UI;
			sourceTree = "<group>";
		};
		B22C2121292ACCA00040C7E4 /* SignIn */ = {
			isa = PBXGroup;
			children = (
				B2478F652918A1220031E088 /* SignInCore.swift */,
				B2478F672918A1300031E088 /* SignInView.swift */,
			);
			path = SignIn;
			sourceTree = "<group>";
		};
		B22C2127292ACD920040C7E4 /* SignInWithAppleTCATests */ = {
			isa = PBXGroup;
			children = (
				B22C212F292AD0280040C7E4 /* AppCoreTests.swift */,
			);
			path = SignInWithAppleTCATests;
			sourceTree = "<group>";
		};
		B2478F3E2918719F0031E088 = {
			isa = PBXGroup;
			children = (
				B2478F492918719F0031E088 /* SignInWithAppleTCA */,
				B22C2127292ACD920040C7E4 /* SignInWithAppleTCATests */,
				B2478F482918719F0031E088 /* Products */,
			);
			sourceTree = "<group>";
		};
		B2478F482918719F0031E088 /* Products */ = {
			isa = PBXGroup;
			children = (
				B2478F472918719F0031E088 /* SignInWithAppleTCA.app */,
				B22C2126292ACD920040C7E4 /* SignInWithAppleTCATests.xctest */,
			);
			name = Products;
			sourceTree = "<group>";
		};
		B2478F492918719F0031E088 /* SignInWithAppleTCA */ = {
			isa = PBXGroup;
			children = (
				B22C211D292AA9190040C7E4 /* SignInWithAppleTCA.entitlements */,
				B2478F6429189FAA0031E088 /* AuthenticationClient */,
				B22C2120292ACC940040C7E4 /* UI */,
				B2478F4E291871A10031E088 /* Assets.xcassets */,
				B2478F50291871A10031E088 /* Preview Content */,
			);
			path = SignInWithAppleTCA;
			sourceTree = "<group>";
		};
		B2478F50291871A10031E088 /* Preview Content */ = {
			isa = PBXGroup;
			children = (
				B2478F51291871A10031E088 /* Preview Assets.xcassets */,
			);
			path = "Preview Content";
			sourceTree = "<group>";
		};
		B2478F6429189FAA0031E088 /* AuthenticationClient */ = {
			isa = PBXGroup;
			children = (
				B2478F5C2918725C0031E088 /* LiveAuthenticationClient.swift */,
				B2478F5A2918724D0031E088 /* AuthenticationClient.swift */,
				B2478F582918723D0031E088 /* AppleAuthenticationResponse.swift */,
				B2478F5E291872850031E088 /* AppleAuthenticationError.swift */,
				B2478F60291872A20031E088 /* AppleAuthenticationCoordinator.swift */,
				B22C2133292AE5F20040C7E4 /* AppleAuthenticationStatus.swift */,
			);
			path = AuthenticationClient;
			sourceTree = "<group>";
		};
/* End PBXGroup section */

/* Begin PBXNativeTarget section */
		B22C2125292ACD920040C7E4 /* SignInWithAppleTCATests */ = {
			isa = PBXNativeTarget;
			buildConfigurationList = B22C212C292ACD920040C7E4 /* Build configuration list for PBXNativeTarget "SignInWithAppleTCATests" */;
			buildPhases = (
				B22C2122292ACD920040C7E4 /* Sources */,
				B22C2123292ACD920040C7E4 /* Frameworks */,
				B22C2124292ACD920040C7E4 /* Resources */,
			);
			buildRules = (
			);
			dependencies = (
				B22C212B292ACD920040C7E4 /* PBXTargetDependency */,
			);
			name = SignInWithAppleTCATests;
			productName = SignInWithAppleTCATests;
			productReference = B22C2126292ACD920040C7E4 /* SignInWithAppleTCATests.xctest */;
			productType = "com.apple.product-type.bundle.unit-test";
		};
		B2478F462918719F0031E088 /* SignInWithAppleTCA */ = {
			isa = PBXNativeTarget;
			buildConfigurationList = B2478F55291871A10031E088 /* Build configuration list for PBXNativeTarget "SignInWithAppleTCA" */;
			buildPhases = (
				B2478F432918719F0031E088 /* Sources */,
				B2478F442918719F0031E088 /* Frameworks */,
				B2478F452918719F0031E088 /* Resources */,
			);
			buildRules = (
			);
			dependencies = (
			);
			name = SignInWithAppleTCA;
			packageProductDependencies = (
				B2478F6A2918A1690031E088 /* ComposableArchitecture */,
			);
			productName = SignInWithAppleTCA;
			productReference = B2478F472918719F0031E088 /* SignInWithAppleTCA.app */;
			productType = "com.apple.product-type.application";
		};
/* End PBXNativeTarget section */

/* Begin PBXProject section */
		B2478F3F2918719F0031E088 /* Project object */ = {
			isa = PBXProject;
			attributes = {
				BuildIndependentTargetsInParallel = 1;
				LastSwiftUpdateCheck = 1400;
				LastUpgradeCheck = 1400;
				TargetAttributes = {
					B22C2125292ACD920040C7E4 = {
						CreatedOnToolsVersion = 14.0.1;
						TestTargetID = B2478F462918719F0031E088;
					};
					B2478F462918719F0031E088 = {
						CreatedOnToolsVersion = 14.0.1;
					};
				};
			};
			buildConfigurationList = B2478F422918719F0031E088 /* Build configuration list for PBXProject "SignInWithAppleTCA" */;
			compatibilityVersion = "Xcode 14.0";
			developmentRegion = en;
			hasScannedForEncodings = 0;
			knownRegions = (
				en,
				Base,
			);
			mainGroup = B2478F3E2918719F0031E088;
			packageReferences = (
				B2478F692918A1690031E088 /* XCRemoteSwiftPackageReference "swift-composable-architecture" */,
			);
			productRefGroup = B2478F482918719F0031E088 /* Products */;
			projectDirPath = "";
			projectRoot = "";
			targets = (
				B2478F462918719F0031E088 /* SignInWithAppleTCA */,
				B22C2125292ACD920040C7E4 /* SignInWithAppleTCATests */,
			);
		};
/* End PBXProject section */

/* Begin PBXResourcesBuildPhase section */
		B22C2124292ACD920040C7E4 /* Resources */ = {
			isa = PBXResourcesBuildPhase;
			buildActionMask = 2147483647;
			files = (
			);
			runOnlyForDeploymentPostprocessing = 0;
		};
		B2478F452918719F0031E088 /* Resources */ = {
			isa = PBXResourcesBuildPhase;
			buildActionMask = 2147483647;
			files = (
				B2478F52291871A10031E088 /* Preview Assets.xcassets in Resources */,
				B2478F4F291871A10031E088 /* Assets.xcassets in Resources */,
			);
			runOnlyForDeploymentPostprocessing = 0;
		};
/* End PBXResourcesBuildPhase section */

/* Begin PBXSourcesBuildPhase section */
		B22C2122292ACD920040C7E4 /* Sources */ = {
			isa = PBXSourcesBuildPhase;
			buildActionMask = 2147483647;
			files = (
				B22C2130292AD0280040C7E4 /* AppCoreTests.swift in Sources */,
			);
			runOnlyForDeploymentPostprocessing = 0;
		};
		B2478F432918719F0031E088 /* Sources */ = {
			isa = PBXSourcesBuildPhase;
			buildActionMask = 2147483647;
			files = (
				B22C2134292AE5F20040C7E4 /* AppleAuthenticationStatus.swift in Sources */,
				B2478F5B2918724D0031E088 /* AuthenticationClient.swift in Sources */,
				B2478F732918C11C0031E088 /* MainView.swift in Sources */,
				B2478F592918723D0031E088 /* AppleAuthenticationResponse.swift in Sources */,
				B2478F5D2918725C0031E088 /* LiveAuthenticationClient.swift in Sources */,
				B2478F712918C1130031E088 /* MainCore.swift in Sources */,
				B2478F682918A1300031E088 /* SignInView.swift in Sources */,
				B2478F61291872A20031E088 /* AppleAuthenticationCoordinator.swift in Sources */,
				B2478F6D2918C0470031E088 /* AppCore.swift in Sources */,
				B2478F6F2918C04F0031E088 /* AppView.swift in Sources */,
				B2478F662918A1220031E088 /* SignInCore.swift in Sources */,
				B2478F4B2918719F0031E088 /* SignInWithAppleTCAApp.swift in Sources */,
				B2478F5F291872850031E088 /* AppleAuthenticationError.swift in Sources */,
			);
			runOnlyForDeploymentPostprocessing = 0;
		};
/* End PBXSourcesBuildPhase section */

/* Begin PBXTargetDependency section */
		B22C212B292ACD920040C7E4 /* PBXTargetDependency */ = {
			isa = PBXTargetDependency;
			target = B2478F462918719F0031E088 /* SignInWithAppleTCA */;
			targetProxy = B22C212A292ACD920040C7E4 /* PBXContainerItemProxy */;
		};
/* End PBXTargetDependency section */

/* Begin XCBuildConfiguration section */
		B22C212D292ACD920040C7E4 /* Debug */ = {
			isa = XCBuildConfiguration;
			buildSettings = {
				BUNDLE_LOADER = "$(TEST_HOST)";
				CODE_SIGN_STYLE = Automatic;
				CURRENT_PROJECT_VERSION = 1;
				DEVELOPMENT_TEAM = 46TV4HNLFF;
				GENERATE_INFOPLIST_FILE = YES;
				MARKETING_VERSION = 1.0;
				PRODUCT_BUNDLE_IDENTIFIER = com.example.SignInWithAppleTCATests;
				PRODUCT_NAME = "$(TARGET_NAME)";
				SWIFT_EMIT_LOC_STRINGS = NO;
				SWIFT_VERSION = 5.0;
				TARGETED_DEVICE_FAMILY = "1,2";
				TEST_HOST = "$(BUILT_PRODUCTS_DIR)/SignInWithAppleTCA.app/$(BUNDLE_EXECUTABLE_FOLDER_PATH)/SignInWithAppleTCA";
			};
			name = Debug;
		};
		B22C212E292ACD920040C7E4 /* Release */ = {
			isa = XCBuildConfiguration;
			buildSettings = {
				BUNDLE_LOADER = "$(TEST_HOST)";
				CODE_SIGN_STYLE = Automatic;
				CURRENT_PROJECT_VERSION = 1;
				DEVELOPMENT_TEAM = 46TV4HNLFF;
				GENERATE_INFOPLIST_FILE = YES;
				MARKETING_VERSION = 1.0;
				PRODUCT_BUNDLE_IDENTIFIER = com.example.SignInWithAppleTCATests;
				PRODUCT_NAME = "$(TARGET_NAME)";
				SWIFT_EMIT_LOC_STRINGS = NO;
				SWIFT_VERSION = 5.0;
				TARGETED_DEVICE_FAMILY = "1,2";
				TEST_HOST = "$(BUILT_PRODUCTS_DIR)/SignInWithAppleTCA.app/$(BUNDLE_EXECUTABLE_FOLDER_PATH)/SignInWithAppleTCA";
			};
			name = Release;
		};
		B2478F53291871A10031E088 /* Debug */ = {
			isa = XCBuildConfiguration;
			buildSettings = {
				ALWAYS_SEARCH_USER_PATHS = NO;
				CLANG_ANALYZER_NONNULL = YES;
				CLANG_ANALYZER_NUMBER_OBJECT_CONVERSION = YES_AGGRESSIVE;
				CLANG_CXX_LANGUAGE_STANDARD = "gnu++20";
				CLANG_ENABLE_MODULES = YES;
				CLANG_ENABLE_OBJC_ARC = YES;
				CLANG_ENABLE_OBJC_WEAK = YES;
				CLANG_WARN_BLOCK_CAPTURE_AUTORELEASING = YES;
				CLANG_WARN_BOOL_CONVERSION = YES;
				CLANG_WARN_COMMA = YES;
				CLANG_WARN_CONSTANT_CONVERSION = YES;
				CLANG_WARN_DEPRECATED_OBJC_IMPLEMENTATIONS = YES;
				CLANG_WARN_DIRECT_OBJC_ISA_USAGE = YES_ERROR;
				CLANG_WARN_DOCUMENTATION_COMMENTS = YES;
				CLANG_WARN_EMPTY_BODY = YES;
				CLANG_WARN_ENUM_CONVERSION = YES;
				CLANG_WARN_INFINITE_RECURSION = YES;
				CLANG_WARN_INT_CONVERSION = YES;
				CLANG_WARN_NON_LITERAL_NULL_CONVERSION = YES;
				CLANG_WARN_OBJC_IMPLICIT_RETAIN_SELF = YES;
				CLANG_WARN_OBJC_LITERAL_CONVERSION = YES;
				CLANG_WARN_OBJC_ROOT_CLASS = YES_ERROR;
				CLANG_WARN_QUOTED_INCLUDE_IN_FRAMEWORK_HEADER = YES;
				CLANG_WARN_RANGE_LOOP_ANALYSIS = YES;
				CLANG_WARN_STRICT_PROTOTYPES = YES;
				CLANG_WARN_SUSPICIOUS_MOVE = YES;
				CLANG_WARN_UNGUARDED_AVAILABILITY = YES_AGGRESSIVE;
				CLANG_WARN_UNREACHABLE_CODE = YES;
				CLANG_WARN__DUPLICATE_METHOD_MATCH = YES;
				COPY_PHASE_STRIP = NO;
				DEBUG_INFORMATION_FORMAT = dwarf;
				ENABLE_STRICT_OBJC_MSGSEND = YES;
				ENABLE_TESTABILITY = YES;
				GCC_C_LANGUAGE_STANDARD = gnu11;
				GCC_DYNAMIC_NO_PIC = NO;
				GCC_NO_COMMON_BLOCKS = YES;
				GCC_OPTIMIZATION_LEVEL = 0;
				GCC_PREPROCESSOR_DEFINITIONS = (
					"DEBUG=1",
					"$(inherited)",
				);
				GCC_WARN_64_TO_32_BIT_CONVERSION = YES;
				GCC_WARN_ABOUT_RETURN_TYPE = YES_ERROR;
				GCC_WARN_UNDECLARED_SELECTOR = YES;
				GCC_WARN_UNINITIALIZED_AUTOS = YES_AGGRESSIVE;
				GCC_WARN_UNUSED_FUNCTION = YES;
				GCC_WARN_UNUSED_VARIABLE = YES;
				IPHONEOS_DEPLOYMENT_TARGET = 16.0;
				MTL_ENABLE_DEBUG_INFO = INCLUDE_SOURCE;
				MTL_FAST_MATH = YES;
				ONLY_ACTIVE_ARCH = YES;
				SDKROOT = iphoneos;
				SWIFT_ACTIVE_COMPILATION_CONDITIONS = DEBUG;
				SWIFT_OPTIMIZATION_LEVEL = "-Onone";
			};
			name = Debug;
		};
		B2478F54291871A10031E088 /* Release */ = {
			isa = XCBuildConfiguration;
			buildSettings = {
				ALWAYS_SEARCH_USER_PATHS = NO;
				CLANG_ANALYZER_NONNULL = YES;
				CLANG_ANALYZER_NUMBER_OBJECT_CONVERSION = YES_AGGRESSIVE;
				CLANG_CXX_LANGUAGE_STANDARD = "gnu++20";
				CLANG_ENABLE_MODULES = YES;
				CLANG_ENABLE_OBJC_ARC = YES;
				CLANG_ENABLE_OBJC_WEAK = YES;
				CLANG_WARN_BLOCK_CAPTURE_AUTORELEASING = YES;
				CLANG_WARN_BOOL_CONVERSION = YES;
				CLANG_WARN_COMMA = YES;
				CLANG_WARN_CONSTANT_CONVERSION = YES;
				CLANG_WARN_DEPRECATED_OBJC_IMPLEMENTATIONS = YES;
				CLANG_WARN_DIRECT_OBJC_ISA_USAGE = YES_ERROR;
				CLANG_WARN_DOCUMENTATION_COMMENTS = YES;
				CLANG_WARN_EMPTY_BODY = YES;
				CLANG_WARN_ENUM_CONVERSION = YES;
				CLANG_WARN_INFINITE_RECURSION = YES;
				CLANG_WARN_INT_CONVERSION = YES;
				CLANG_WARN_NON_LITERAL_NULL_CONVERSION = YES;
				CLANG_WARN_OBJC_IMPLICIT_RETAIN_SELF = YES;
				CLANG_WARN_OBJC_LITERAL_CONVERSION = YES;
				CLANG_WARN_OBJC_ROOT_CLASS = YES_ERROR;
				CLANG_WARN_QUOTED_INCLUDE_IN_FRAMEWORK_HEADER = YES;
				CLANG_WARN_RANGE_LOOP_ANALYSIS = YES;
				CLANG_WARN_STRICT_PROTOTYPES = YES;
				CLANG_WARN_SUSPICIOUS_MOVE = YES;
				CLANG_WARN_UNGUARDED_AVAILABILITY = YES_AGGRESSIVE;
				CLANG_WARN_UNREACHABLE_CODE = YES;
				CLANG_WARN__DUPLICATE_METHOD_MATCH = YES;
				COPY_PHASE_STRIP = NO;
				DEBUG_INFORMATION_FORMAT = "dwarf-with-dsym";
				ENABLE_NS_ASSERTIONS = NO;
				ENABLE_STRICT_OBJC_MSGSEND = YES;
				GCC_C_LANGUAGE_STANDARD = gnu11;
				GCC_NO_COMMON_BLOCKS = YES;
				GCC_WARN_64_TO_32_BIT_CONVERSION = YES;
				GCC_WARN_ABOUT_RETURN_TYPE = YES_ERROR;
				GCC_WARN_UNDECLARED_SELECTOR = YES;
				GCC_WARN_UNINITIALIZED_AUTOS = YES_AGGRESSIVE;
				GCC_WARN_UNUSED_FUNCTION = YES;
				GCC_WARN_UNUSED_VARIABLE = YES;
				IPHONEOS_DEPLOYMENT_TARGET = 16.0;
				MTL_ENABLE_DEBUG_INFO = NO;
				MTL_FAST_MATH = YES;
				SDKROOT = iphoneos;
				SWIFT_COMPILATION_MODE = wholemodule;
				SWIFT_OPTIMIZATION_LEVEL = "-O";
				VALIDATE_PRODUCT = YES;
			};
			name = Release;
		};
		B2478F56291871A10031E088 /* Debug */ = {
			isa = XCBuildConfiguration;
			buildSettings = {
				ASSETCATALOG_COMPILER_APPICON_NAME = AppIcon;
				ASSETCATALOG_COMPILER_GLOBAL_ACCENT_COLOR_NAME = AccentColor;
				CODE_SIGN_ENTITLEMENTS = SignInWithAppleTCA/SignInWithAppleTCA.entitlements;
				CODE_SIGN_STYLE = Automatic;
				CURRENT_PROJECT_VERSION = 1;
				DEVELOPMENT_ASSET_PATHS = "\"SignInWithAppleTCA/Preview Content\"";
				DEVELOPMENT_TEAM = 46TV4HNLFF;
				ENABLE_PREVIEWS = YES;
				GENERATE_INFOPLIST_FILE = YES;
				INFOPLIST_KEY_UIApplicationSceneManifest_Generation = YES;
				INFOPLIST_KEY_UIApplicationSupportsIndirectInputEvents = YES;
				INFOPLIST_KEY_UILaunchScreen_Generation = YES;
				INFOPLIST_KEY_UISupportedInterfaceOrientations_iPad = "UIInterfaceOrientationPortrait UIInterfaceOrientationPortraitUpsideDown UIInterfaceOrientationLandscapeLeft UIInterfaceOrientationLandscapeRight";
				INFOPLIST_KEY_UISupportedInterfaceOrientations_iPhone = "UIInterfaceOrientationPortrait UIInterfaceOrientationLandscapeLeft UIInterfaceOrientationLandscapeRight";
				LD_RUNPATH_SEARCH_PATHS = (
					"$(inherited)",
					"@executable_path/Frameworks",
				);
				MARKETING_VERSION = 1.0;
				PRODUCT_BUNDLE_IDENTIFIER = com.example.SignInWithAppleTCA;
				PRODUCT_NAME = "$(TARGET_NAME)";
				SWIFT_EMIT_LOC_STRINGS = YES;
				SWIFT_VERSION = 5.0;
				TARGETED_DEVICE_FAMILY = "1,2";
			};
			name = Debug;
		};
		B2478F57291871A10031E088 /* Release */ = {
			isa = XCBuildConfiguration;
			buildSettings = {
				ASSETCATALOG_COMPILER_APPICON_NAME = AppIcon;
				ASSETCATALOG_COMPILER_GLOBAL_ACCENT_COLOR_NAME = AccentColor;
				CODE_SIGN_ENTITLEMENTS = SignInWithAppleTCA/SignInWithAppleTCA.entitlements;
				CODE_SIGN_STYLE = Automatic;
				CURRENT_PROJECT_VERSION = 1;
				DEVELOPMENT_ASSET_PATHS = "\"SignInWithAppleTCA/Preview Content\"";
				DEVELOPMENT_TEAM = 46TV4HNLFF;
				ENABLE_PREVIEWS = YES;
				GENERATE_INFOPLIST_FILE = YES;
				INFOPLIST_KEY_UIApplicationSceneManifest_Generation = YES;
				INFOPLIST_KEY_UIApplicationSupportsIndirectInputEvents = YES;
				INFOPLIST_KEY_UILaunchScreen_Generation = YES;
				INFOPLIST_KEY_UISupportedInterfaceOrientations_iPad = "UIInterfaceOrientationPortrait UIInterfaceOrientationPortraitUpsideDown UIInterfaceOrientationLandscapeLeft UIInterfaceOrientationLandscapeRight";
				INFOPLIST_KEY_UISupportedInterfaceOrientations_iPhone = "UIInterfaceOrientationPortrait UIInterfaceOrientationLandscapeLeft UIInterfaceOrientationLandscapeRight";
				LD_RUNPATH_SEARCH_PATHS = (
					"$(inherited)",
					"@executable_path/Frameworks",
				);
				MARKETING_VERSION = 1.0;
				PRODUCT_BUNDLE_IDENTIFIER = com.example.SignInWithAppleTCA;
				PRODUCT_NAME = "$(TARGET_NAME)";
				SWIFT_EMIT_LOC_STRINGS = YES;
				SWIFT_VERSION = 5.0;
				TARGETED_DEVICE_FAMILY = "1,2";
			};
			name = Release;
		};
/* End XCBuildConfiguration section */

/* Begin XCConfigurationList section */
		B22C212C292ACD920040C7E4 /* Build configuration list for PBXNativeTarget "SignInWithAppleTCATests" */ = {
			isa = XCConfigurationList;
			buildConfigurations = (
				B22C212D292ACD920040C7E4 /* Debug */,
				B22C212E292ACD920040C7E4 /* Release */,
			);
			defaultConfigurationIsVisible = 0;
			defaultConfigurationName = Release;
		};
		B2478F422918719F0031E088 /* Build configuration list for PBXProject "SignInWithAppleTCA" */ = {
			isa = XCConfigurationList;
			buildConfigurations = (
				B2478F53291871A10031E088 /* Debug */,
				B2478F54291871A10031E088 /* Release */,
			);
			defaultConfigurationIsVisible = 0;
			defaultConfigurationName = Release;
		};
		B2478F55291871A10031E088 /* Build configuration list for PBXNativeTarget "SignInWithAppleTCA" */ = {
			isa = XCConfigurationList;
			buildConfigurations = (
				B2478F56291871A10031E088 /* Debug */,
				B2478F57291871A10031E088 /* Release */,
			);
			defaultConfigurationIsVisible = 0;
			defaultConfigurationName = Release;
		};
/* End XCConfigurationList section */

/* Begin XCRemoteSwiftPackageReference section */
		B2478F692918A1690031E088 /* XCRemoteSwiftPackageReference "swift-composable-architecture" */ = {
			isa = XCRemoteSwiftPackageReference;
			repositoryURL = "https://github.com/pointfreeco/swift-composable-architecture";
			requirement = {
				branch = main;
				kind = branch;
			};
		};
/* End XCRemoteSwiftPackageReference section */

/* Begin XCSwiftPackageProductDependency section */
		B2478F6A2918A1690031E088 /* ComposableArchitecture */ = {
			isa = XCSwiftPackageProductDependency;
			package = B2478F692918A1690031E088 /* XCRemoteSwiftPackageReference "swift-composable-architecture" */;
			productName = ComposableArchitecture;
		};
/* End XCSwiftPackageProductDependency section */
	};
	rootObject = B2478F3F2918719F0031E088 /* Project object */;
}
